
Microsoft Visual Studio Solution File, Format Version 12.00
# Visual Studio Version 16
VisualStudioVersion = 16.0.30406.217
MinimumVisualStudioVersion = 10.0.40219.1
Project("{F184B08F-C81C-45F6-A57F-5ABD9991F28F}") = "Multiplication_Table", "Multiplication_Table.vbproj", "{C1F1195A-3E07-4418-A8C3-A21480F1EE30}"
EndProject
Global
	GlobalSection(SolutionConfigurationPlatforms) = preSolution
		Debug|Any CPU = Debug|Any CPU
		Release|Any CPU = Release|Any CPU
	EndGlobalSection
	GlobalSection(ProjectConfigurationPlatforms) = postSolution
		{C1F1195A-3E07-4418-A8C3-A21480F1EE30}.Debug|Any CPU.ActiveCfg = Debug|Any CPU
		{C1F1195A-3E07-4418-A8C3-A21480F1EE30}.Debug|Any CPU.Build.0 = Debug|Any CPU
		{C1F1195A-3E07-4418-A8C3-A21480F1EE30}.Release|Any CPU.ActiveCfg = Release|Any CPU
		{C1F1195A-3E07-4418-A8C3-A21480F1EE30}.Release|Any CPU.Build.0 = Release|Any CPU
	EndGlobalSection
	GlobalSection(SolutionProperties) = preSolution
		HideSolutionNode = FALSE
	EndGlobalSection
	GlobalSection(ExtensibilityGlobals) = postSolution
		SolutionGuid = {6B434FAF-F031-4040-BD32-4F57AD4A09F9}
	EndGlobalSection
EndGlobal
